
Microsoft Visual Studio Solution File, Format Version 12.00
# Visual Studio Version 17
VisualStudioVersion = 17.13.35818.85 d17.13
MinimumVisualStudioVersion = 10.0.40219.1
Project("{FAE04EC0-301F-11D3-BF4B-00C04F79EFBC}") = "Gestión de productos", "Gestión de productos.csproj", "{38D7C15A-04C6-4BDE-BCD5-D29912AEAEED}"
EndProject
Global
	GlobalSection(SolutionConfigurationPlatforms) = preSolution
		Debug|Any CPU = Debug|Any CPU
		Release|Any CPU = Release|Any CPU
	EndGlobalSection
	GlobalSection(ProjectConfigurationPlatforms) = postSolution
		{38D7C15A-04C6-4BDE-BCD5-D29912AEAEED}.Debug|Any CPU.ActiveCfg = Debug|Any CPU
		{38D7C15A-04C6-4BDE-BCD5-D29912AEAEED}.Debug|Any CPU.Build.0 = Debug|Any CPU
		{38D7C15A-04C6-4BDE-BCD5-D29912AEAEED}.Release|Any CPU.ActiveCfg = Release|Any CPU
		{38D7C15A-04C6-4BDE-BCD5-D29912AEAEED}.Release|Any CPU.Build.0 = Release|Any CPU
	EndGlobalSection
	GlobalSection(SolutionProperties) = preSolution
		HideSolutionNode = FALSE
	EndGlobalSection
	GlobalSection(ExtensibilityGlobals) = postSolution
		SolutionGuid = {F0D3D630-5544-476D-974B-6867D1DD8BF9}
	EndGlobalSection
EndGlobal
